
Microsoft Visual Studio Solution File, Format Version 12.00
# Visual Studio Version 17
VisualStudioVersion = 17.9.34902.65
MinimumVisualStudioVersion = 10.0.40219.1
Project("{FAE04EC0-301F-11D3-BF4B-00C04F79EFBC}") = "DEPI-OOP", "DEPI-OOP.csproj", "{37F344B5-5E34-40A9-9ED0-FB90D982A066}"
EndProject
Project("{2150E333-8FDC-42A3-9474-1A3956D46DE8}") = "Models", "Models", "{8130E49C-6796-472E-A203-F55FA44FBFB4}"
EndProject
Global
	GlobalSection(SolutionConfigurationPlatforms) = preSolution
		Debug|Any CPU = Debug|Any CPU
		Release|Any CPU = Release|Any CPU
	EndGlobalSection
	GlobalSection(ProjectConfigurationPlatforms) = postSolution
		{37F344B5-5E34-40A9-9ED0-FB90D982A066}.Debug|Any CPU.ActiveCfg = Debug|Any CPU
		{37F344B5-5E34-40A9-9ED0-FB90D982A066}.Debug|Any CPU.Build.0 = Debug|Any CPU
		{37F344B5-5E34-40A9-9ED0-FB90D982A066}.Release|Any CPU.ActiveCfg = Release|Any CPU
		{37F344B5-5E34-40A9-9ED0-FB90D982A066}.Release|Any CPU.Build.0 = Release|Any CPU
	EndGlobalSection
	GlobalSection(SolutionProperties) = preSolution
		HideSolutionNode = FALSE
	EndGlobalSection
	GlobalSection(ExtensibilityGlobals) = postSolution
		SolutionGuid = {0004665F-B597-49E3-8CD4-B2EA11DB4EB7}
	EndGlobalSection
EndGlobal
